<Solution>
  <Folder Name="/backendSL/">
    <Project Path="backendSL/ProjectSaborLatino.csproj" />
  </Folder>
  <Folder Name="/dbSL/">
    <File Path="dbSL/README.md" />
  </Folder>
  <Folder Name="/frontendSL/">
    <Project Path="frontendSL/frontendsl.esproj">
      <Build />
      <Deploy />
    </Project>
  </Folder>
  <Folder Name="/Archivos de la raíz/">
    <File Path=".gitignore" />
    <File Path="README.md" />
  </Folder>
</Solution>
